%{"bbmustache": {:hex, :bbmustache, "1.0.3"},
  "bunt": {:hex, :bunt, "0.1.4"},
  "certifi": {:hex, :certifi, "0.3.0"},
  "conform": {:hex, :conform, "0.17.0"},
  "connection": {:hex, :connection, "1.0.2"},
  "corsica": {:hex, :corsica, "0.4.0"},
  "cowboy": {:hex, :cowboy, "1.0.4"},
  "cowlib": {:hex, :cowlib, "1.0.2"},
  "credo": {:hex, :credo, "0.2.5"},
  "decimal": {:hex, :decimal, "1.1.1"},
  "dynamo": {:git, "https://github.com/elixir-lang/dynamo.git", "3c28f27603a480d2755a89aba3a91e88df3469ce", []},
  "ecto": {:hex, :ecto, "1.1.1"},
  "ectoo": {:hex, :ectoo, "0.0.4"},
  "erlware_commons": {:hex, :erlware_commons, "0.15.0"},
  "espec": {:hex, :espec, "0.8.7"},
  "espec_phoenix": {:hex, :espec_phoenix, "0.1.8"},
  "ex_machina": {:hex, :ex_machina, "0.6.1"},
  "excoveralls": {:hex, :excoveralls, "0.4.3"},
  "exjsx": {:hex, :exjsx, "3.2.0"},
  "exrm": {:hex, :exrm, "0.19.9"},
  "faker": {:hex, :faker, "0.6.0"},
  "floki": {:hex, :floki, "0.7.1"},
  "fs": {:hex, :fs, "0.9.2"},
  "getopt": {:hex, :getopt, "0.8.2"},
  "hackney": {:hex, :hackney, "1.4.8"},
  "httpotion": {:hex, :httpotion, "2.1.0"},
  "ibrowse": {:git, "https://github.com/cmullaparthi/ibrowse.git", "ea3305d21f37eced4fac290f64b068e56df7de80", [tag: "v4.1.2"]},
  "idna": {:hex, :idna, "1.0.3"},
  "json": {:hex, :json, "0.3.2"},
  "jsx": {:hex, :jsx, "2.6.2"},
  "meck": {:hex, :meck, "0.8.4"},
  "mime": {:git, "https://github.com/dynamo/mime.git", "a13f7b071fdc6146c162300c9ab5025f1c23e98b", []},
  "mimerl": {:hex, :mimerl, "1.0.2"},
  "mochiweb": {:hex, :mochiweb, "2.12.2"},
  "neotoma": {:hex, :neotoma, "1.7.3"},
  "phoenix": {:hex, :phoenix, "1.1.1"},
  "phoenix_ecto": {:hex, :phoenix_ecto, "2.0.0"},
  "phoenix_live_reload": {:hex, :phoenix_live_reload, "1.0.1"},
  "plug": {:hex, :plug, "1.0.3"},
  "poison": {:hex, :poison, "1.5.0"},
  "poolboy": {:hex, :poolboy, "1.5.1"},
  "postgrex": {:hex, :postgrex, "0.10.0"},
  "providers": {:hex, :providers, "1.4.1"},
  "ranch": {:hex, :ranch, "1.2.0"},
  "relx": {:hex, :relx, "3.5.0"},
  "ssl_verify_hostname": {:hex, :ssl_verify_hostname, "1.0.5"}}
