%{"arc": {:hex, :arc, "0.5.2", "bae4e9a37a4c6c70eb85486da43dcf39e1672dcf852577ddbba3b8e528a798a6", [:mix], [{:poison, "~> 1.2", [hex: :poison, optional: true]}, {:httpoison, "~> 0.7", [hex: :httpoison, optional: true]}, {:ex_aws, "~> 0.4.10", [hex: :ex_aws, optional: true]}]},
  "bbmustache": {:hex, :bbmustache, "1.0.3", "0fa96a57e0c7b53a5429d6d0be2c56699210dee97e63bc1c956726d99e7ea533", [:rebar], []},
  "bunt": {:hex, :bunt, "0.1.6", "5d95a6882f73f3b9969fdfd1953798046664e6f77ec4e486e6fafc7caad97c6f", [:mix], []},
  "certifi": {:hex, :certifi, "0.4.0", "a7966efb868b179023618d29a407548f70c52466bf1849b9e8ebd0e34b7ea11f", [:rebar3], []},
  "combine": {:hex, :combine, "0.8.0", "390fe5f632a8c890d378abc697ca7c4c52cd3e38bb232a5cad1677cd4af013df", [:mix], []},
  "conform": {:hex, :conform, "0.17.0", "e3610a337b7c44beb829f176cbb0795f78fe53a0183a524a04e0ebe0f76f9113", [:mix], [{:neotoma, "~> 1.7.3", [hex: :neotoma, optional: false]}]},
  "connection": {:hex, :connection, "1.0.2", "f4a06dd3ecae4141aa66f94ce92ea4c4b8753069472814932f1cadbc3078ab80", [:mix], []},
  "corsica": {:hex, :corsica, "0.4.2", "e01a1745b3273148d44c12c14db459e857ecd293311a0b8ddbd103dc2974907c", [:mix], [{:plug, ">= 0.9.0", [hex: :plug, optional: false]}, {:cowboy, ">= 1.0.0", [hex: :cowboy, optional: false]}]},
  "cowboy": {:hex, :cowboy, "1.0.4", "a324a8df9f2316c833a470d918aaf73ae894278b8aa6226ce7a9bf699388f878", [:rebar, :make], [{:cowlib, "~> 1.0.0", [hex: :cowlib, optional: false]}, {:ranch, "~> 1.0", [hex: :ranch, optional: false]}]},
  "cowlib": {:hex, :cowlib, "1.0.2", "9d769a1d062c9c3ac753096f868ca121e2730b9a377de23dec0f7e08b1df84ee", [:make], []},
  "credo": {:hex, :credo, "0.4.3", "29fe87aa2ef3c19bf8dd909594b9b79d9e2ed2857a153c00eb3f697f41cb6782", [:mix], [{:bunt, "~> 0.1.6", [hex: :bunt, optional: false]}]},
  "db_connection": {:hex, :db_connection, "0.2.5", "3e5e28019e0ec744345568d22a2f5206109bff0e2571f4d7819e0d14cf955f3e", [:mix], [{:sbroker, "~> 0.7", [hex: :sbroker, optional: true]}, {:poolboy, "~> 1.5", [hex: :poolboy, optional: true]}, {:connection, "~> 1.0.2", [hex: :connection, optional: false]}]},
  "decimal": {:hex, :decimal, "1.1.2", "79a769d4657b2d537b51ef3c02d29ab7141d2b486b516c109642d453ee08e00c", [:mix], []},
  "ecto": {:hex, :ecto, "1.1.8", "0f0348e678fa5a450c266d69816808f97fbd82ade32cf88d4b09bbe8f8c27545", [:mix], [{:sbroker, "~> 0.7", [hex: :sbroker, optional: true]}, {:postgrex, "~> 0.11.0", [hex: :postgrex, optional: true]}, {:poolboy, "~> 1.4", [hex: :poolboy, optional: false]}, {:poison, "~> 1.0 or ~> 2.0", [hex: :poison, optional: true]}, {:mariaex, "~> 0.5.0 or ~> 0.6.0", [hex: :mariaex, optional: true]}, {:decimal, "~> 1.0", [hex: :decimal, optional: false]}]},
  "ectoo": {:hex, :ectoo, "0.0.4", "3adb9b8b0a18cebbaf04317ab54e54599033c62e9ee7cf7ec63e727690d85a90", [:mix], [{:postgrex, "> 0.0.0", [hex: :postgrex, optional: true]}, {:ecto, "~> 1.0", [hex: :ecto, optional: false]}]},
  "erlware_commons": {:hex, :erlware_commons, "0.15.0", "99a7aa84b5fdf423c0f2c7907a8443288f991b676cf22abac6f9b5a526ccc189", [:rebar], []},
  "espec": {:hex, :espec, "0.8.21", "c3fe5f1317fcc56837fca088d86b725ab1a50ca13e6c290f79f8aa386a86d952", [:mix], [{:meck, "~> 0.8.4", [hex: :meck, optional: false]}]},
  "espec_phoenix": {:hex, :espec_phoenix, "0.2.1", "a216860cfac47319495c0ed8c1d80d0736effa5bdbd1ebf502537c622e04ec05", [:mix], [{:phoenix, ">= 0.0.0", [hex: :phoenix, optional: false]}, {:floki, "~> 0.8.0", [hex: :floki, optional: false]}, {:espec, "~> 0.8.17", [hex: :espec, optional: false]}]},
  "ex_aws": {:hex, :ex_aws, "0.4.19", "84284a2ce936b1aed3d6db4dac4ccf28105f2b617201194b2804d737cd0ef818", [:mix], [{:jsx, "~> 2.5", [hex: :jsx, optional: true]}, {:httpotion, "~> 2.0", [hex: :httpotion, optional: true]}, {:poison, "~> 1.2 or ~> 2.0", [hex: :poison, optional: true]}, {:httpoison, "~> 0.8", [hex: :httpoison, optional: true]}, {:sweet_xml, "~> 0.5", [hex: :sweet_xml, optional: true]}]},
  "ex_machina": {:hex, :ex_machina, "0.6.1", "677120042987c6a0277ac4cfb1b6e4a0e1774122a0d9fd319ba0630d16fd770f", [:mix], []},
  "excoveralls": {:hex, :excoveralls, "0.5.4", "1a6e116bcf980da8b7fe33140c1d7e61aa0a4e51951cadbfacc420c12d2b9b8f", [:mix], [{:hackney, ">= 0.12.0", [hex: :hackney, optional: false]}, {:exjsx, "~> 3.0", [hex: :exjsx, optional: false]}]},
  "exjsx": {:hex, :exjsx, "3.2.0", "7136cc739ace295fc74c378f33699e5145bead4fdc1b4799822d0287489136fb", [:mix], [{:jsx, "~> 2.6.2", [hex: :jsx, optional: false]}]},
  "exrm": {:hex, :exrm, "0.19.9", "ff7b49bb7db816ca6e4616f1f81251f31b46f9cb72f306da52a77a5bbf88c03a", [:mix], [{:relx, "~> 3.5.0", [hex: :relx, optional: false]}, {:conform, "~> 0.17", [hex: :conform, optional: false]}]},
  "faker": {:hex, :faker, "0.6.0", "2d2ff0879d6b10fab5fb47eb2c1149b811e4af780a17022aa249deb3a7156d2b", [:mix], []},
  "floki": {:hex, :floki, "0.8.1", "06aa75bf2d1e01cda7d2ad54f68614be653a11e76b474d8fcb1d838f8c1e0ad1", [:mix], [{:mochiweb_html, "~> 2.15", [hex: :mochiweb_html, optional: false]}]},
  "fs": {:hex, :fs, "0.9.2", "ed17036c26c3f70ac49781ed9220a50c36775c6ca2cf8182d123b6566e49ec59", [:rebar], []},
  "gen_smtp": {:hex, :gen_smtp, "0.9.0", "abddf6a464c593395ea70226db27c6b1fde48076de7ba5c8cc3e3a1d6c41b4f8", [:rebar], []},
  "getopt": {:hex, :getopt, "0.8.2", "b17556db683000ba50370b16c0619df1337e7af7ecbf7d64fbf8d1d6bce3109b", [:rebar], []},
  "gettext": {:hex, :gettext, "0.11.0", "80c1dd42d270482418fa158ec5ba073d2980e3718bacad86f3d4ad71d5667679", [:mix], []},
  "hackney": {:hex, :hackney, "1.6.0", "8d1e9440c9edf23bf5e5e2fe0c71de03eb265103b72901337394c840eec679ac", [:rebar3], [{:ssl_verify_fun, "1.1.0", [hex: :ssl_verify_fun, optional: false]}, {:mimerl, "1.0.2", [hex: :mimerl, optional: false]}, {:metrics, "1.0.1", [hex: :metrics, optional: false]}, {:idna, "1.2.0", [hex: :idna, optional: false]}, {:certifi, "0.4.0", [hex: :certifi, optional: false]}]},
  "httpoison": {:hex, :httpoison, "0.8.3", "b675a3fdc839a0b8d7a285c6b3747d6d596ae70b6ccb762233a990d7289ccae4", [:mix], [{:hackney, "~> 1.6.0", [hex: :hackney, optional: false]}]},
  "httpotion": {:hex, :httpotion, "2.2.2", "f1ce1a06f6a12ee195d9b2c458c3239efc8046f2b8247e708606cad5a3f2c7d8", [:mix], [{:ibrowse, "~> 4.2", [hex: :ibrowse, optional: false]}]},
  "ibrowse": {:hex, :ibrowse, "4.2.2", "b32b5bafcc77b7277eff030ed32e1acc3f610c64e9f6aea19822abcadf681b4b", [:rebar3], []},
  "idna": {:hex, :idna, "1.2.0", "ac62ee99da068f43c50dc69acf700e03a62a348360126260e87f2b54eced86b2", [:rebar3], []},
  "json": {:hex, :json, "0.3.3", "373eb4f7321f898ad6772999f30daf65f9f38e1d3dd4d798d7a82d3b123fe1d3", [:mix], []},
  "jsx": {:hex, :jsx, "2.6.2", "213721e058da0587a4bce3cc8a00ff6684ced229c8f9223245c6ff2c88fbaa5a", [:mix, :rebar], []},
  "meck": {:hex, :meck, "0.8.4", "59ca1cd971372aa223138efcf9b29475bde299e1953046a0c727184790ab1520", [:rebar, :make], []},
  "metrics": {:hex, :metrics, "1.0.1", "25f094dea2cda98213cecc3aeff09e940299d950904393b2a29d191c346a8486", [:rebar3], []},
  "mimerl": {:hex, :mimerl, "1.0.2", "993f9b0e084083405ed8252b99460c4f0563e41729ab42d9074fd5e52439be88", [:rebar3], []},
  "mochiweb_html": {:hex, :mochiweb_html, "2.15.0", "d7402e967d7f9f2912f8befa813c37be62d5eeeddbbcb6fe986c44e01460d497", [:rebar3], []},
  "neotoma": {:hex, :neotoma, "1.7.3", "d8bd5404b73273989946e4f4f6d529e5c2088f5fa1ca790b4dbe81f4be408e61", [:rebar], []},
  "phoenix": {:hex, :phoenix, "1.1.6", "7bf19002669c8f692f5a9c8d30dab7b49f3dc56228d5bde92a12fb426b4783c2", [:mix], [{:poison, "~> 1.5 or ~> 2.0", [hex: :poison, optional: false]}, {:plug, "~> 1.0", [hex: :plug, optional: false]}, {:cowboy, "~> 1.0", [hex: :cowboy, optional: true]}]},
  "phoenix_ecto": {:hex, :phoenix_ecto, "2.0.2", "1aff51d1cd21cc39d7891cae2284399cbf4b8e32fb7864e68f5d272d2934e48a", [:mix], [{:poison, "~> 1.3 or ~> 2.0", [hex: :poison, optional: true]}, {:phoenix_html, "~> 2.2", [hex: :phoenix_html, optional: true]}, {:ecto, "~> 1.1.2", [hex: :ecto, optional: false]}]},
  "phoenix_html": {:hex, :phoenix_html, "2.5.1", "631053f9e345fecb5c87d9e0ccd807f7266d27e2ee4269817067af425fd81ba8", [:mix], [{:plug, "~> 0.13 or ~> 1.0", [hex: :plug, optional: false]}]},
  "phoenix_live_reload": {:hex, :phoenix_live_reload, "1.0.5", "829218c4152ba1e9848e2bf8e161fcde6b4ec679a516259442561d21fde68d0b", [:mix], [{:phoenix, "~> 1.0 or ~> 1.2-rc", [hex: :phoenix, optional: false]}, {:fs, "~> 0.9.1", [hex: :fs, optional: false]}]},
  "plug": {:hex, :plug, "1.1.5", "de5645c18170415a72b18cc3d215c05321ddecac27a15acb923742156e98278b", [:mix], [{:cowboy, "~> 1.0", [hex: :cowboy, optional: true]}]},
  "poison": {:hex, :poison, "2.1.0", "f583218ced822675e484648fa26c933d621373f01c6c76bd00005d7bd4b82e27", [:mix], []},
  "poolboy": {:hex, :poolboy, "1.5.1", "6b46163901cfd0a1b43d692657ed9d7e599853b3b21b95ae5ae0a777cf9b6ca8", [:rebar], []},
  "postgrex": {:hex, :postgrex, "0.11.1", "f48af70c0a58b9bfd1aaa456ec4273624554cfb837726b6a7f0701da4a94b2dd", [:mix], [{:decimal, "~> 1.0", [hex: :decimal, optional: false]}, {:db_connection, "~> 0.2", [hex: :db_connection, optional: false]}, {:connection, "~> 1.0", [hex: :connection, optional: false]}]},
  "providers": {:hex, :providers, "1.4.1", "e74176b29d4771544410af5022fe1306b100d0f57c9e0f3656bcff5962f87cd2", [:rebar], [{:getopt, "0.8.2", [hex: :getopt, optional: false]}]},
  "quantum": {:hex, :quantum, "1.7.0", "22c6653bca3e5ec9ce5c574a0cfc5018e5cddc40c87a5950bd9d456762a947bf", [:mix], []},
  "ranch": {:hex, :ranch, "1.2.1", "a6fb992c10f2187b46ffd17ce398ddf8a54f691b81768f9ef5f461ea7e28c762", [:make], []},
  "relx": {:hex, :relx, "3.5.0", "4f7461b8de9c000fd2fcc2f805b4454f50b6fb96339c506e26dc12f5a77c090f", [:rebar], [{:providers, "1.4.1", [hex: :providers, optional: false]}, {:getopt, "0.8.2", [hex: :getopt, optional: false]}, {:erlware_commons, "0.15.0", [hex: :erlware_commons, optional: false]}, {:bbmustache, "1.0.3", [hex: :bbmustache, optional: false]}]},
  "scrivener": {:hex, :scrivener, "1.1.2", "8c6e6824b00b0769d2c5924116bf19e58d4769a79ca5da4de31d7b6541341d04", [:mix], [{:postgrex, ">= 0.0.0", [hex: :postgrex, optional: true]}, {:ecto, "~> 1.0", [hex: :ecto, optional: false]}]},
  "ssl_verify_fun": {:hex, :ssl_verify_fun, "1.1.0", "edee20847c42e379bf91261db474ffbe373f8acb56e9079acb6038d4e0bf414f", [:rebar, :make], []},
  "swoosh": {:hex, :swoosh, "0.1.0", "0df6e88fe27b1de7c58e05d130691d747403944834602437d29f6177a431c2ca", [:mix], [{:poison, "~> 2.1", [hex: :poison, optional: false]}, {:plug, "~> 1.1", [hex: :plug, optional: true]}, {:httpoison, "~> 0.8", [hex: :httpoison, optional: false]}, {:gen_smtp, "~> 0.9.0", [hex: :gen_smtp, optional: false]}, {:cowboy, "~> 1.0.0", [hex: :cowboy, optional: true]}]},
  "timex": {:hex, :timex, "1.0.2", "a07f2234298749c0eeede7e6da2534acf35c2c4529c4240d390828953aafd038", [:mix], [{:tzdata, "~> 0.1.8 or ~> 0.5", [hex: :tzdata, optional: false]}, {:combine, "~> 0.7", [hex: :combine, optional: false]}]},
  "timex_ecto": {:hex, :timex_ecto, "0.9.0", "5db8921e05e4fed32c0a1ad6d19b9dac3dc412610c17fd70911ae83a78a0d13e", [:mix], [{:timex, ">= 0.19.0", [hex: :timex, optional: false]}, {:ecto, "~> 1.1", [hex: :ecto, optional: false]}]},
  "tzdata": {:hex, :tzdata, "0.5.8", "a4ffe564783c6519e4df230a5d0e1cf44b7db7f576bcae76d05540b5da5b6143", [:mix], [{:hackney, "~> 1.0", [hex: :hackney, optional: false]}]}}
